
Microsoft Visual Studio Solution File, Format Version 12.00
# Visual Studio 15
VisualStudioVersion = 15.0.28010.2003
MinimumVisualStudioVersion = 10.0.40219.1
Project("{FAE04EC0-301F-11D3-BF4B-00C04F79EFBC}") = "RegularExpressionTest", "RegularExpressionTest\RegularExpressionTest.csproj", "{4C25CA79-030B-4E7A-82FA-1849CBC99189}"
EndProject
Project("{FAE04EC0-301F-11D3-BF4B-00C04F79EFBC}") = "RegularExpressionLibrary", "RegularExpressionLibrary\RegularExpressionLibrary.csproj", "{63DB27AA-BA9A-47CD-9E8C-68F3DF603A2F}"
EndProject
Global
	GlobalSection(SolutionConfigurationPlatforms) = preSolution
		Debug|Any CPU = Debug|Any CPU
		Release|Any CPU = Release|Any CPU
	EndGlobalSection
	GlobalSection(ProjectConfigurationPlatforms) = postSolution
		{4C25CA79-030B-4E7A-82FA-1849CBC99189}.Debug|Any CPU.ActiveCfg = Debug|Any CPU
		{4C25CA79-030B-4E7A-82FA-1849CBC99189}.Debug|Any CPU.Build.0 = Debug|Any CPU
		{4C25CA79-030B-4E7A-82FA-1849CBC99189}.Release|Any CPU.ActiveCfg = Release|Any CPU
		{4C25CA79-030B-4E7A-82FA-1849CBC99189}.Release|Any CPU.Build.0 = Release|Any CPU
		{63DB27AA-BA9A-47CD-9E8C-68F3DF603A2F}.Debug|Any CPU.ActiveCfg = Debug|Any CPU
		{63DB27AA-BA9A-47CD-9E8C-68F3DF603A2F}.Debug|Any CPU.Build.0 = Debug|Any CPU
		{63DB27AA-BA9A-47CD-9E8C-68F3DF603A2F}.Release|Any CPU.ActiveCfg = Release|Any CPU
		{63DB27AA-BA9A-47CD-9E8C-68F3DF603A2F}.Release|Any CPU.Build.0 = Release|Any CPU
	EndGlobalSection
	GlobalSection(SolutionProperties) = preSolution
		HideSolutionNode = FALSE
	EndGlobalSection
	GlobalSection(ExtensibilityGlobals) = postSolution
		SolutionGuid = {42342BD4-6365-428F-B2ED-79708E7BC77F}
	EndGlobalSection
EndGlobal
