
Microsoft Visual Studio Solution File, Format Version 12.00
# Visual Studio 15
VisualStudioVersion = 15.0.28010.2003
MinimumVisualStudioVersion = 10.0.40219.1
Project("{FAE04EC0-301F-11D3-BF4B-00C04F79EFBC}") = "BowlingGame", "BowlingGame\BowlingGame.csproj", "{F6CD4F4C-16F4-4974-8F44-FEAAFE429CAC}"
EndProject
Project("{FAE04EC0-301F-11D3-BF4B-00C04F79EFBC}") = "BowlingGame.Test", "BowlingGame.Test\BowlingGame.Test.csproj", "{DF31DBA9-45CA-4E1A-9D56-C5162A7281EC}"
EndProject
Global
	GlobalSection(SolutionConfigurationPlatforms) = preSolution
		Debug|Any CPU = Debug|Any CPU
		Release|Any CPU = Release|Any CPU
	EndGlobalSection
	GlobalSection(ProjectConfigurationPlatforms) = postSolution
		{F6CD4F4C-16F4-4974-8F44-FEAAFE429CAC}.Debug|Any CPU.ActiveCfg = Debug|Any CPU
		{F6CD4F4C-16F4-4974-8F44-FEAAFE429CAC}.Debug|Any CPU.Build.0 = Debug|Any CPU
		{F6CD4F4C-16F4-4974-8F44-FEAAFE429CAC}.Release|Any CPU.ActiveCfg = Release|Any CPU
		{F6CD4F4C-16F4-4974-8F44-FEAAFE429CAC}.Release|Any CPU.Build.0 = Release|Any CPU
		{DF31DBA9-45CA-4E1A-9D56-C5162A7281EC}.Debug|Any CPU.ActiveCfg = Debug|Any CPU
		{DF31DBA9-45CA-4E1A-9D56-C5162A7281EC}.Debug|Any CPU.Build.0 = Debug|Any CPU
		{DF31DBA9-45CA-4E1A-9D56-C5162A7281EC}.Release|Any CPU.ActiveCfg = Release|Any CPU
		{DF31DBA9-45CA-4E1A-9D56-C5162A7281EC}.Release|Any CPU.Build.0 = Release|Any CPU
	EndGlobalSection
	GlobalSection(SolutionProperties) = preSolution
		HideSolutionNode = FALSE
	EndGlobalSection
	GlobalSection(ExtensibilityGlobals) = postSolution
		SolutionGuid = {8C0D57E8-A429-43BD-A6BC-90121FDEBB05}
	EndGlobalSection
EndGlobal
