
Microsoft Visual Studio Solution File, Format Version 12.00
# Visual Studio 15
VisualStudioVersion = 15.0.28307.852
MinimumVisualStudioVersion = 10.0.40219.1
Project("{FAE04EC0-301F-11D3-BF4B-00C04F79EFBC}") = "MaximumDepthOfBinaryTree", "MaximumDepthOfBinaryTree\MaximumDepthOfBinaryTree.csproj", "{0349164A-4587-4CEE-9BA2-7B8C08A0AA6B}"
EndProject
Project("{FAE04EC0-301F-11D3-BF4B-00C04F79EFBC}") = "MaximumDepthOfBinaryTreeTest", "MaximumDepthOfBinaryTreeTest\MaximumDepthOfBinaryTreeTest.csproj", "{35C69917-60B6-4739-8359-6F8A82BE3089}"
EndProject
Global
	GlobalSection(SolutionConfigurationPlatforms) = preSolution
		Debug|Any CPU = Debug|Any CPU
		Release|Any CPU = Release|Any CPU
	EndGlobalSection
	GlobalSection(ProjectConfigurationPlatforms) = postSolution
		{0349164A-4587-4CEE-9BA2-7B8C08A0AA6B}.Debug|Any CPU.ActiveCfg = Debug|Any CPU
		{0349164A-4587-4CEE-9BA2-7B8C08A0AA6B}.Debug|Any CPU.Build.0 = Debug|Any CPU
		{0349164A-4587-4CEE-9BA2-7B8C08A0AA6B}.Release|Any CPU.ActiveCfg = Release|Any CPU
		{0349164A-4587-4CEE-9BA2-7B8C08A0AA6B}.Release|Any CPU.Build.0 = Release|Any CPU
		{35C69917-60B6-4739-8359-6F8A82BE3089}.Debug|Any CPU.ActiveCfg = Debug|Any CPU
		{35C69917-60B6-4739-8359-6F8A82BE3089}.Debug|Any CPU.Build.0 = Debug|Any CPU
		{35C69917-60B6-4739-8359-6F8A82BE3089}.Release|Any CPU.ActiveCfg = Release|Any CPU
		{35C69917-60B6-4739-8359-6F8A82BE3089}.Release|Any CPU.Build.0 = Release|Any CPU
	EndGlobalSection
	GlobalSection(SolutionProperties) = preSolution
		HideSolutionNode = FALSE
	EndGlobalSection
	GlobalSection(ExtensibilityGlobals) = postSolution
		SolutionGuid = {31DECD76-44E5-4CAC-BB45-11965AC6CBC2}
	EndGlobalSection
EndGlobal
