
Microsoft Visual Studio Solution File, Format Version 12.00
# Visual Studio 15
VisualStudioVersion = 15.0.28307.852
MinimumVisualStudioVersion = 10.0.40219.1
Project("{FAE04EC0-301F-11D3-BF4B-00C04F79EFBC}") = "MBT_Solve", "MBT_Solve\MBT_Solve.csproj", "{6F13116C-2C56-4D48-9426-6565349BD096}"
EndProject
Project("{FAE04EC0-301F-11D3-BF4B-00C04F79EFBC}") = "MBT.Test", "MBT.Test\MBT.Test.csproj", "{209A0462-E443-4248-BF8C-9F65EFB86F31}"
EndProject
Global
	GlobalSection(SolutionConfigurationPlatforms) = preSolution
		Debug|Any CPU = Debug|Any CPU
		Release|Any CPU = Release|Any CPU
	EndGlobalSection
	GlobalSection(ProjectConfigurationPlatforms) = postSolution
		{6F13116C-2C56-4D48-9426-6565349BD096}.Debug|Any CPU.ActiveCfg = Debug|Any CPU
		{6F13116C-2C56-4D48-9426-6565349BD096}.Debug|Any CPU.Build.0 = Debug|Any CPU
		{6F13116C-2C56-4D48-9426-6565349BD096}.Release|Any CPU.ActiveCfg = Release|Any CPU
		{6F13116C-2C56-4D48-9426-6565349BD096}.Release|Any CPU.Build.0 = Release|Any CPU
		{209A0462-E443-4248-BF8C-9F65EFB86F31}.Debug|Any CPU.ActiveCfg = Debug|Any CPU
		{209A0462-E443-4248-BF8C-9F65EFB86F31}.Debug|Any CPU.Build.0 = Debug|Any CPU
		{209A0462-E443-4248-BF8C-9F65EFB86F31}.Release|Any CPU.ActiveCfg = Release|Any CPU
		{209A0462-E443-4248-BF8C-9F65EFB86F31}.Release|Any CPU.Build.0 = Release|Any CPU
	EndGlobalSection
	GlobalSection(SolutionProperties) = preSolution
		HideSolutionNode = FALSE
	EndGlobalSection
	GlobalSection(ExtensibilityGlobals) = postSolution
		SolutionGuid = {B81D1560-05D3-4854-9175-4CC01938DB37}
	EndGlobalSection
EndGlobal
