
Microsoft Visual Studio Solution File, Format Version 12.00
# Visual Studio 15
VisualStudioVersion = 15.0.28010.2003
MinimumVisualStudioVersion = 10.0.40219.1
Project("{FAE04EC0-301F-11D3-BF4B-00C04F79EFBC}") = "SudokuSolver", "SudokuSolver\SudokuSolver.csproj", "{6FF05BC4-2CC1-4986-9226-51949F7D0C99}"
EndProject
Project("{FAE04EC0-301F-11D3-BF4B-00C04F79EFBC}") = "SudokuSolverTest", "SudokuSolverTest\SudokuSolverTest.csproj", "{9173D666-315C-4C7A-8653-0C19F5F8F619}"
EndProject
Global
	GlobalSection(SolutionConfigurationPlatforms) = preSolution
		Debug|Any CPU = Debug|Any CPU
		Release|Any CPU = Release|Any CPU
	EndGlobalSection
	GlobalSection(ProjectConfigurationPlatforms) = postSolution
		{6FF05BC4-2CC1-4986-9226-51949F7D0C99}.Debug|Any CPU.ActiveCfg = Debug|Any CPU
		{6FF05BC4-2CC1-4986-9226-51949F7D0C99}.Debug|Any CPU.Build.0 = Debug|Any CPU
		{6FF05BC4-2CC1-4986-9226-51949F7D0C99}.Release|Any CPU.ActiveCfg = Release|Any CPU
		{6FF05BC4-2CC1-4986-9226-51949F7D0C99}.Release|Any CPU.Build.0 = Release|Any CPU
		{9173D666-315C-4C7A-8653-0C19F5F8F619}.Debug|Any CPU.ActiveCfg = Debug|Any CPU
		{9173D666-315C-4C7A-8653-0C19F5F8F619}.Debug|Any CPU.Build.0 = Debug|Any CPU
		{9173D666-315C-4C7A-8653-0C19F5F8F619}.Release|Any CPU.ActiveCfg = Release|Any CPU
		{9173D666-315C-4C7A-8653-0C19F5F8F619}.Release|Any CPU.Build.0 = Release|Any CPU
	EndGlobalSection
	GlobalSection(SolutionProperties) = preSolution
		HideSolutionNode = FALSE
	EndGlobalSection
	GlobalSection(ExtensibilityGlobals) = postSolution
		SolutionGuid = {7E795F44-BDA3-4EC1-94A1-B7881F5516F5}
	EndGlobalSection
EndGlobal
