
Microsoft Visual Studio Solution File, Format Version 12.00
# Visual Studio 15
VisualStudioVersion = 15.0.28010.2003
MinimumVisualStudioVersion = 10.0.40219.1
Project("{FAE04EC0-301F-11D3-BF4B-00C04F79EFBC}") = "WordWrap.Test", "WordWrap.Test\WordWrap.Test.csproj", "{5BD1BF6A-1696-483D-AAC4-C934C5F26034}"
EndProject
Project("{FAE04EC0-301F-11D3-BF4B-00C04F79EFBC}") = "WordWrapper", "WordWrapper\WordWrapper.csproj", "{8EC7542E-E095-4175-93D2-5A2692186120}"
EndProject
Global
	GlobalSection(SolutionConfigurationPlatforms) = preSolution
		Debug|Any CPU = Debug|Any CPU
		Release|Any CPU = Release|Any CPU
	EndGlobalSection
	GlobalSection(ProjectConfigurationPlatforms) = postSolution
		{5BD1BF6A-1696-483D-AAC4-C934C5F26034}.Debug|Any CPU.ActiveCfg = Debug|Any CPU
		{5BD1BF6A-1696-483D-AAC4-C934C5F26034}.Debug|Any CPU.Build.0 = Debug|Any CPU
		{5BD1BF6A-1696-483D-AAC4-C934C5F26034}.Release|Any CPU.ActiveCfg = Release|Any CPU
		{5BD1BF6A-1696-483D-AAC4-C934C5F26034}.Release|Any CPU.Build.0 = Release|Any CPU
		{8EC7542E-E095-4175-93D2-5A2692186120}.Debug|Any CPU.ActiveCfg = Debug|Any CPU
		{8EC7542E-E095-4175-93D2-5A2692186120}.Debug|Any CPU.Build.0 = Debug|Any CPU
		{8EC7542E-E095-4175-93D2-5A2692186120}.Release|Any CPU.ActiveCfg = Release|Any CPU
		{8EC7542E-E095-4175-93D2-5A2692186120}.Release|Any CPU.Build.0 = Release|Any CPU
	EndGlobalSection
	GlobalSection(SolutionProperties) = preSolution
		HideSolutionNode = FALSE
	EndGlobalSection
	GlobalSection(ExtensibilityGlobals) = postSolution
		SolutionGuid = {4E289DB5-1479-44EB-B875-1A97D552567E}
	EndGlobalSection
EndGlobal
