
Microsoft Visual Studio Solution File, Format Version 12.00
# Visual Studio 15
VisualStudioVersion = 15.0.28010.2003
MinimumVisualStudioVersion = 10.0.40219.1
Project("{FAE04EC0-301F-11D3-BF4B-00C04F79EFBC}") = "RegularExpTest", "RegularExpTest\RegularExpTest.csproj", "{0EB0E961-D5CA-4532-A73C-27374082EA04}"
EndProject
Project("{FAE04EC0-301F-11D3-BF4B-00C04F79EFBC}") = "RegularExpLibrary", "RegularExpLibrary\RegularExpLibrary.csproj", "{013853D1-AB57-4DD0-8B6D-537AC7A42FD5}"
EndProject
Global
	GlobalSection(SolutionConfigurationPlatforms) = preSolution
		Debug|Any CPU = Debug|Any CPU
		Release|Any CPU = Release|Any CPU
	EndGlobalSection
	GlobalSection(ProjectConfigurationPlatforms) = postSolution
		{0EB0E961-D5CA-4532-A73C-27374082EA04}.Debug|Any CPU.ActiveCfg = Debug|Any CPU
		{0EB0E961-D5CA-4532-A73C-27374082EA04}.Debug|Any CPU.Build.0 = Debug|Any CPU
		{0EB0E961-D5CA-4532-A73C-27374082EA04}.Release|Any CPU.ActiveCfg = Release|Any CPU
		{0EB0E961-D5CA-4532-A73C-27374082EA04}.Release|Any CPU.Build.0 = Release|Any CPU
		{013853D1-AB57-4DD0-8B6D-537AC7A42FD5}.Debug|Any CPU.ActiveCfg = Debug|Any CPU
		{013853D1-AB57-4DD0-8B6D-537AC7A42FD5}.Debug|Any CPU.Build.0 = Debug|Any CPU
		{013853D1-AB57-4DD0-8B6D-537AC7A42FD5}.Release|Any CPU.ActiveCfg = Release|Any CPU
		{013853D1-AB57-4DD0-8B6D-537AC7A42FD5}.Release|Any CPU.Build.0 = Release|Any CPU
	EndGlobalSection
	GlobalSection(SolutionProperties) = preSolution
		HideSolutionNode = FALSE
	EndGlobalSection
	GlobalSection(ExtensibilityGlobals) = postSolution
		SolutionGuid = {0CDC3341-E2AD-498F-A53A-F8CDBCA83ADF}
	EndGlobalSection
EndGlobal
